
Microsoft Visual Studio Solution File, Format Version 12.00
# Visual Studio Version 17
VisualStudioVersion = 17.10.35027.167
MinimumVisualStudioVersion = 10.0.40219.1
Project("{9A19103F-16F7-4668-BE54-9A1E7A4F7556}") = "ConLibClientApp.Core", "ConLibClientApp.Core\ConLibClientApp.Core.csproj", "{3278DF1E-6909-44E6-8681-2235797250B0}"
EndProject
Project("{9A19103F-16F7-4668-BE54-9A1E7A4F7556}") = "ConLibClientApp", "ConLibClientApp\ConLibClientApp.csproj", "{185ACD14-2843-4FEC-8A58-66137B2B008C}"
EndProject
Global
	GlobalSection(SolutionConfigurationPlatforms) = preSolution
		Debug|Any CPU = Debug|Any CPU
		Release|Any CPU = Release|Any CPU
	EndGlobalSection
	GlobalSection(ProjectConfigurationPlatforms) = postSolution
		{3278DF1E-6909-44E6-8681-2235797250B0}.Debug|Any CPU.ActiveCfg = Debug|Any CPU
		{3278DF1E-6909-44E6-8681-2235797250B0}.Debug|Any CPU.Build.0 = Debug|Any CPU
		{3278DF1E-6909-44E6-8681-2235797250B0}.Release|Any CPU.ActiveCfg = Release|Any CPU
		{3278DF1E-6909-44E6-8681-2235797250B0}.Release|Any CPU.Build.0 = Release|Any CPU
		{185ACD14-2843-4FEC-8A58-66137B2B008C}.Debug|Any CPU.ActiveCfg = Debug|Any CPU
		{185ACD14-2843-4FEC-8A58-66137B2B008C}.Debug|Any CPU.Build.0 = Debug|Any CPU
		{185ACD14-2843-4FEC-8A58-66137B2B008C}.Release|Any CPU.ActiveCfg = Release|Any CPU
		{185ACD14-2843-4FEC-8A58-66137B2B008C}.Release|Any CPU.Build.0 = Release|Any CPU
	EndGlobalSection
	GlobalSection(SolutionProperties) = preSolution
		HideSolutionNode = FALSE
	EndGlobalSection
	GlobalSection(ExtensibilityGlobals) = postSolution
		SolutionGuid = {13183E8D-FB2E-422C-B4AD-4F0BD89A4FD5}
	EndGlobalSection
EndGlobal
