
Microsoft Visual Studio Solution File, Format Version 12.00
# Visual Studio Version 17
VisualStudioVersion = 17.6.33801.468
MinimumVisualStudioVersion = 10.0.40219.1
Project("{FAE04EC0-301F-11D3-BF4B-00C04F79EFBC}") = "ApplyTemplate", "ApplyTemplate\ApplyTemplate.csproj", "{C067AD43-8456-4E1C-B0EA-CFBF28C6F168}"
EndProject
Project("{FAE04EC0-301F-11D3-BF4B-00C04F79EFBC}") = "ImportIOM", "ImportIOM\ImportIOM.csproj", "{1DEBA8F6-4F04-4E69-9448-619C395C4119}"
EndProject
Global
	GlobalSection(SolutionConfigurationPlatforms) = preSolution
		Debug|Any CPU = Debug|Any CPU
		Release|Any CPU = Release|Any CPU
	EndGlobalSection
	GlobalSection(ProjectConfigurationPlatforms) = postSolution
		{C067AD43-8456-4E1C-B0EA-CFBF28C6F168}.Debug|Any CPU.ActiveCfg = Debug|Any CPU
		{C067AD43-8456-4E1C-B0EA-CFBF28C6F168}.Debug|Any CPU.Build.0 = Debug|Any CPU
		{C067AD43-8456-4E1C-B0EA-CFBF28C6F168}.Release|Any CPU.ActiveCfg = Release|Any CPU
		{C067AD43-8456-4E1C-B0EA-CFBF28C6F168}.Release|Any CPU.Build.0 = Release|Any CPU
		{1DEBA8F6-4F04-4E69-9448-619C395C4119}.Debug|Any CPU.ActiveCfg = Debug|Any CPU
		{1DEBA8F6-4F04-4E69-9448-619C395C4119}.Debug|Any CPU.Build.0 = Debug|Any CPU
		{1DEBA8F6-4F04-4E69-9448-619C395C4119}.Release|Any CPU.ActiveCfg = Release|Any CPU
		{1DEBA8F6-4F04-4E69-9448-619C395C4119}.Release|Any CPU.Build.0 = Release|Any CPU
	EndGlobalSection
	GlobalSection(SolutionProperties) = preSolution
		HideSolutionNode = FALSE
	EndGlobalSection
	GlobalSection(ExtensibilityGlobals) = postSolution
		SolutionGuid = {0F0F6EBA-0938-406F-A9E8-221603494EAE}
	EndGlobalSection
EndGlobal
